<?xml version="1.0" encoding="utf-8"?>
<Project ToolsVersion="4.0" xmlns="http://schemas.microsoft.com/developer/msbuild/2003">
  <ItemGroup>
    <Filter Include="Source Files">
      <UniqueIdentifier>{4FC737F1-C7A5-4376-A066-2A32D752A2FF}</UniqueIdentifier>
      <Extensions>cpp;c;cc;cxx;c++;cppm;ixx;def;odl;idl;hpj;bat;asm;asmx</Extensions>
    </Filter>
    <Filter Include="Header Files">
      <UniqueIdentifier>{93995380-89BD-4b04-88EB-625FBE52EBFB}</UniqueIdentifier>
      <Extensions>h;hh;hpp;hxx;h++;hm;inl;inc;ipp;xsd</Extensions>
    </Filter>
    <Filter Include="Resource Files">
      <UniqueIdentifier>{67DA6AB6-F800-4c08-8B7A-83BB121AAD01}</UniqueIdentifier>
      <Extensions>rc;ico;cur;bmp;dlg;rc2;rct;bin;rgs;gif;jpg;jpeg;jpe;resx;tiff;tif;png;wav;mfcribbon-ms</Extensions>
    </Filter>
    <Filter Include="Source Files\Game">
      <UniqueIdentifier>{87d132e5-5ac1-4264-af6f-4f80990f71e0}</UniqueIdentifier>
    </Filter>
    <Filter Include="Source Files\CSTD">
      <UniqueIdentifier>{2a7aae88-4432-47b7-bece-f1ba791973fb}</UniqueIdentifier>
    </Filter>
    <Filter Include="Source Files\Model">
      <UniqueIdentifier>{63371319-4771-4ec8-a6b7-c52893dca0ad}</UniqueIdentifier>
    </Filter>
  </ItemGroup>
  <ItemGroup>
    <ClCompile Include="CppNagyHF.cpp">
      <Filter>Source Files</Filter>
    </ClCompile>
    <ClCompile Include="vector.hpp">
      <Filter>Source Files\CSTD</Filter>
    </ClCompile>
    <ClCompile Include="matrix.hpp">
      <Filter>Source Files\CSTD</Filter>
    </ClCompile>
    <ClCompile Include="Game.cpp">
      <Filter>Source Files\Game</Filter>
    </ClCompile>
    <ClCompile Include="RandomModel.cpp">
      <Filter>Source Files\Model</Filter>
    </ClCompile>
    <ClCompile Include="Snake.cpp">
      <Filter>Source Files\Game</Filter>
    </ClCompile>
    <ClCompile Include="Apple.cpp">
      <Filter>Source Files\Game</Filter>
    </ClCompile>
    <ClCompile Include="GameUtils.cpp">
      <Filter>Source Files\Game</Filter>
    </ClCompile>
    <ClCompile Include="ConnectionGene.cpp">
      <Filter>Source Files\Model</Filter>
    </ClCompile>
    <ClCompile Include="NeatModel.cpp">
      <Filter>Source Files\Model</Filter>
    </ClCompile>
    <ClCompile Include="GameReport.cpp">
      <Filter>Source Files\Model</Filter>
    </ClCompile>
  </ItemGroup>
  <ItemGroup>
    <ClInclude Include="Game.hpp">
      <Filter>Source Files\Game</Filter>
    </ClInclude>
    <ClInclude Include="position.hpp">
      <Filter>Source Files\CSTD</Filter>
    </ClInclude>
    <ClInclude Include="ControllerModel.hpp">
      <Filter>Source Files\Model</Filter>
    </ClInclude>
    <ClInclude Include="ModelParams.hpp">
      <Filter>Source Files\Model</Filter>
    </ClInclude>
    <ClInclude Include="RandomModel.hpp">
      <Filter>Source Files\Model</Filter>
    </ClInclude>
    <ClInclude Include="Snake.hpp">
      <Filter>Source Files\Game</Filter>
    </ClInclude>
    <ClInclude Include="GameUtils.hpp">
      <Filter>Source Files\Game</Filter>
    </ClInclude>
    <ClInclude Include="Apple.hpp">
      <Filter>Source Files\Game</Filter>
    </ClInclude>
    <ClInclude Include="ConnectionGene.hpp">
      <Filter>Source Files\Model</Filter>
    </ClInclude>
    <ClInclude Include="NeatModel.hpp">
      <Filter>Source Files\Model</Filter>
    </ClInclude>
    <ClInclude Include="ActivationFunction.hpp">
      <Filter>Source Files\Model</Filter>
    </ClInclude>
    <ClInclude Include="GameReport.hpp">
      <Filter>Source Files\Game</Filter>
    </ClInclude>
  </ItemGroup>
</Project>